{
  "name": "bchain",
  "lockfileVersion": 2,
  "requires": true,
  "packages": {
    "": {
      "dependencies": {
        "JSONPath": "^0.11.2",
        "keypair": "^1.0.4"
      }
    },
    "node_modules/JSONPath": {
      "version": "0.11.2",
      "resolved": "https://registry.npmjs.org/JSONPath/-/JSONPath-0.11.2.tgz",
      "integrity": "sha1-P70gM6lXn3/1bBGCW11913ZBWD0="
    },
    "node_modules/keypair": {
      "version": "1.0.4",
      "resolved": "https://registry.npmjs.org/keypair/-/keypair-1.0.4.tgz",
      "integrity": "sha512-zwhgOhhniaL7oxMgUMKKw5219PWWABMO+dgMnzJOQ2/5L3XJtTJGhW2PEXlxXj9zaccdReZJZ83+4NPhVfNVDg=="
    }
  },
  "dependencies": {
    "JSONPath": {
      "version": "0.11.2",
      "resolved": "https://registry.npmjs.org/JSONPath/-/JSONPath-0.11.2.tgz",
      "integrity": "sha1-P70gM6lXn3/1bBGCW11913ZBWD0="
    },
    "keypair": {
      "version": "1.0.4",
      "resolved": "https://registry.npmjs.org/keypair/-/keypair-1.0.4.tgz",
      "integrity": "sha512-zwhgOhhniaL7oxMgUMKKw5219PWWABMO+dgMnzJOQ2/5L3XJtTJGhW2PEXlxXj9zaccdReZJZ83+4NPhVfNVDg=="
    }
  }
}
